
Microsoft Visual Studio Solution File, Format Version 12.00
# Visual Studio Version 17
VisualStudioVersion = 17.7.34031.279
MinimumVisualStudioVersion = 10.0.40219.1
Project("{9A19103F-16F7-4668-BE54-9A1E7A4F7556}") = "DoAnWebNangCao", "DoAnWebNangCao.csproj", "{ADD50B85-9BF4-4A1D-84D0-EE72FFA94C3A}"
EndProject
Global
	GlobalSection(SolutionConfigurationPlatforms) = preSolution
		Debug|Any CPU = Debug|Any CPU
		Release|Any CPU = Release|Any CPU
	EndGlobalSection
	GlobalSection(ProjectConfigurationPlatforms) = postSolution
		{ADD50B85-9BF4-4A1D-84D0-EE72FFA94C3A}.Debug|Any CPU.ActiveCfg = Debug|Any CPU
		{ADD50B85-9BF4-4A1D-84D0-EE72FFA94C3A}.Debug|Any CPU.Build.0 = Debug|Any CPU
		{ADD50B85-9BF4-4A1D-84D0-EE72FFA94C3A}.Release|Any CPU.ActiveCfg = Release|Any CPU
		{ADD50B85-9BF4-4A1D-84D0-EE72FFA94C3A}.Release|Any CPU.Build.0 = Release|Any CPU
	EndGlobalSection
	GlobalSection(SolutionProperties) = preSolution
		HideSolutionNode = FALSE
	EndGlobalSection
	GlobalSection(ExtensibilityGlobals) = postSolution
		SolutionGuid = {88A08D4A-9804-44ED-92FC-D4020E8D1DCE}
	EndGlobalSection
EndGlobal
